
Microsoft Visual Studio Solution File, Format Version 12.00
# Visual Studio Version 17
VisualStudioVersion = 17.11.35327.3
MinimumVisualStudioVersion = 10.0.40219.1
Project("{FAE04EC0-301F-11D3-BF4B-00C04F79EFBC}") = "Tetris", "Tetris\Tetris.csproj", "{49F6348D-419F-416D-960C-1894EE25E227}"
EndProject
Global
	GlobalSection(SolutionConfigurationPlatforms) = preSolution
		Debug|Any CPU = Debug|Any CPU
		Release|Any CPU = Release|Any CPU
	EndGlobalSection
	GlobalSection(ProjectConfigurationPlatforms) = postSolution
		{49F6348D-419F-416D-960C-1894EE25E227}.Debug|Any CPU.ActiveCfg = Debug|Any CPU
		{49F6348D-419F-416D-960C-1894EE25E227}.Debug|Any CPU.Build.0 = Debug|Any CPU
		{49F6348D-419F-416D-960C-1894EE25E227}.Release|Any CPU.ActiveCfg = Release|Any CPU
		{49F6348D-419F-416D-960C-1894EE25E227}.Release|Any CPU.Build.0 = Release|Any CPU
	EndGlobalSection
	GlobalSection(SolutionProperties) = preSolution
		HideSolutionNode = FALSE
	EndGlobalSection
	GlobalSection(ExtensibilityGlobals) = postSolution
		SolutionGuid = {8C74CE35-0C35-4EA4-886D-077CC77CEE21}
	EndGlobalSection
EndGlobal
